// !$*UTF8*$!
{
	archiveVersion = 1;
	classes = {
	};
	objectVersion = 50;
	objects = {

/* Begin PBXBuildFile section */
		16758CB76929766BA32E813A /* libPods-Lab - Data entry interface.a in Frameworks */ = {isa = PBXBuildFile; fileRef = 192DFF57858F466B15248B91 /* libPods-Lab - Data entry interface.a */; };
		582D4579226F3BEA002F14CF /* AppDelegate.swift in Sources */ = {isa = PBXBuildFile; fileRef = 582D4578226F3BEA002F14CF /* AppDelegate.swift */; };
		582D457E226F3BEA002F14CF /* Main.storyboard in Resources */ = {isa = PBXBuildFile; fileRef = 582D457C226F3BEA002F14CF /* Main.storyboard */; };
		582D4580226F3BEE002F14CF /* Assets.xcassets in Resources */ = {isa = PBXBuildFile; fileRef = 582D457F226F3BEE002F14CF /* Assets.xcassets */; };
		582D4583226F3BEE002F14CF /* LaunchScreen.storyboard in Resources */ = {isa = PBXBuildFile; fileRef = 582D4581226F3BEE002F14CF /* LaunchScreen.storyboard */; };
		582D458B226F4307002F14CF /* Registration.swift in Sources */ = {isa = PBXBuildFile; fileRef = 582D458A226F4307002F14CF /* Registration.swift */; };
		582D458D226F4332002F14CF /* Person.swift in Sources */ = {isa = PBXBuildFile; fileRef = 582D458C226F4332002F14CF /* Person.swift */; };
		582D458F226F4418002F14CF /* GuestsTableViewController.swift in Sources */ = {isa = PBXBuildFile; fileRef = 582D458E226F4418002F14CF /* GuestsTableViewController.swift */; };
		582D4591226F442F002F14CF /* AddRegistrationTableViewController.swift in Sources */ = {isa = PBXBuildFile; fileRef = 582D4590226F442F002F14CF /* AddRegistrationTableViewController.swift */; };
		582D4593226F547E002F14CF /* UITextField+Extension.swift in Sources */ = {isa = PBXBuildFile; fileRef = 582D4592226F547E002F14CF /* UITextField+Extension.swift */; };
		582D4595226F5A4E002F14CF /* Helper.swift in Sources */ = {isa = PBXBuildFile; fileRef = 582D4594226F5A4E002F14CF /* Helper.swift */; };
		582D459B226F70E9002F14CF /* IndexPath+Extension.swift in Sources */ = {isa = PBXBuildFile; fileRef = 582D459A226F70E9002F14CF /* IndexPath+Extension.swift */; };
		582D459D227081BB002F14CF /* Room.swift in Sources */ = {isa = PBXBuildFile; fileRef = 582D459C227081BB002F14CF /* Room.swift */; };
		582D459F227081F9002F14CF /* RoomsTableViewController.swift in Sources */ = {isa = PBXBuildFile; fileRef = 582D459E227081F9002F14CF /* RoomsTableViewController.swift */; };
		582D45A1227095D5002F14CF /* Array+Extension.swift in Sources */ = {isa = PBXBuildFile; fileRef = 582D45A0227095D5002F14CF /* Array+Extension.swift */; };
		582D45A52270BE56002F14CF /* Date+Extension.swift in Sources */ = {isa = PBXBuildFile; fileRef = 582D45A42270BE56002F14CF /* Date+Extension.swift */; };
/* End PBXBuildFile section */

/* Begin PBXFileReference section */
		192DFF57858F466B15248B91 /* libPods-Lab - Data entry interface.a */ = {isa = PBXFileReference; explicitFileType = archive.ar; includeInIndex = 0; path = "libPods-Lab - Data entry interface.a"; sourceTree = BUILT_PRODUCTS_DIR; };
		582D4575226F3BEA002F14CF /* Lab - Data entry interface.app */ = {isa = PBXFileReference; explicitFileType = wrapper.application; includeInIndex = 0; path = "Lab - Data entry interface.app"; sourceTree = BUILT_PRODUCTS_DIR; };
		582D4578226F3BEA002F14CF /* AppDelegate.swift */ = {isa = PBXFileReference; lastKnownFileType = sourcecode.swift; path = AppDelegate.swift; sourceTree = "<group>"; };
		582D457D226F3BEA002F14CF /* Base */ = {isa = PBXFileReference; lastKnownFileType = file.storyboard; name = Base; path = Base.lproj/Main.storyboard; sourceTree = "<group>"; };
		582D457F226F3BEE002F14CF /* Assets.xcassets */ = {isa = PBXFileReference; lastKnownFileType = folder.assetcatalog; path = Assets.xcassets; sourceTree = "<group>"; };
		582D4582226F3BEE002F14CF /* Base */ = {isa = PBXFileReference; lastKnownFileType = file.storyboard; name = Base; path = Base.lproj/LaunchScreen.storyboard; sourceTree = "<group>"; };
		582D4584226F3BEE002F14CF /* Info.plist */ = {isa = PBXFileReference; lastKnownFileType = text.plist.xml; path = Info.plist; sourceTree = "<group>"; };
		582D458A226F4307002F14CF /* Registration.swift */ = {isa = PBXFileReference; lastKnownFileType = sourcecode.swift; path = Registration.swift; sourceTree = "<group>"; };
		582D458C226F4332002F14CF /* Person.swift */ = {isa = PBXFileReference; lastKnownFileType = sourcecode.swift; path = Person.swift; sourceTree = "<group>"; };
		582D458E226F4418002F14CF /* GuestsTableViewController.swift */ = {isa = PBXFileReference; lastKnownFileType = sourcecode.swift; path = GuestsTableViewController.swift; sourceTree = "<group>"; };
		582D4590226F442F002F14CF /* AddRegistrationTableViewController.swift */ = {isa = PBXFileReference; lastKnownFileType = sourcecode.swift; path = AddRegistrationTableViewController.swift; sourceTree = "<group>"; };
		582D4592226F547E002F14CF /* UITextField+Extension.swift */ = {isa = PBXFileReference; lastKnownFileType = sourcecode.swift; path = "UITextField+Extension.swift"; sourceTree = "<group>"; };
		582D4594226F5A4E002F14CF /* Helper.swift */ = {isa = PBXFileReference; lastKnownFileType = sourcecode.swift; path = Helper.swift; sourceTree = "<group>"; };
		582D459A226F70E9002F14CF /* IndexPath+Extension.swift */ = {isa = PBXFileReference; lastKnownFileType = sourcecode.swift; path = "IndexPath+Extension.swift"; sourceTree = "<group>"; };
		582D459C227081BB002F14CF /* Room.swift */ = {isa = PBXFileReference; lastKnownFileType = sourcecode.swift; path = Room.swift; sourceTree = "<group>"; };
		582D459E227081F9002F14CF /* RoomsTableViewController.swift */ = {isa = PBXFileReference; lastKnownFileType = sourcecode.swift; path = RoomsTableViewController.swift; sourceTree = "<group>"; };
		582D45A0227095D5002F14CF /* Array+Extension.swift */ = {isa = PBXFileReference; lastKnownFileType = sourcecode.swift; path = "Array+Extension.swift"; sourceTree = "<group>"; };
		582D45A42270BE56002F14CF /* Date+Extension.swift */ = {isa = PBXFileReference; lastKnownFileType = sourcecode.swift; path = "Date+Extension.swift"; sourceTree = "<group>"; };
		95ECDC32C8438158577ABE06 /* Pods-Lab - Data entry interface.debug.xcconfig */ = {isa = PBXFileReference; includeInIndex = 1; lastKnownFileType = text.xcconfig; name = "Pods-Lab - Data entry interface.debug.xcconfig"; path = "Target Support Files/Pods-Lab - Data entry interface/Pods-Lab - Data entry interface.debug.xcconfig"; sourceTree = "<group>"; };
		BD4FC0E1B071FFAAF45F87BD /* Pods-Lab - Data entry interface.release.xcconfig */ = {isa = PBXFileReference; includeInIndex = 1; lastKnownFileType = text.xcconfig; name = "Pods-Lab - Data entry interface.release.xcconfig"; path = "Target Support Files/Pods-Lab - Data entry interface/Pods-Lab - Data entry interface.release.xcconfig"; sourceTree = "<group>"; };
/* End PBXFileReference section */

/* Begin PBXFrameworksBuildPhase section */
		582D4572226F3BEA002F14CF /* Frameworks */ = {
			isa = PBXFrameworksBuildPhase;
			buildActionMask = 2147483647;
			files = (
				16758CB76929766BA32E813A /* libPods-Lab - Data entry interface.a in Frameworks */,
			);
			runOnlyForDeploymentPostprocessing = 0;
		};
/* End PBXFrameworksBuildPhase section */

/* Begin PBXGroup section */
		2C0866CBB5025EF0F7F49CF4 /* Frameworks */ = {
			isa = PBXGroup;
			children = (
				192DFF57858F466B15248B91 /* libPods-Lab - Data entry interface.a */,
			);
			name = Frameworks;
			sourceTree = "<group>";
		};
		582D456C226F3BEA002F14CF = {
			isa = PBXGroup;
			children = (
				582D4577226F3BEA002F14CF /* Lab - Data entry interface */,
				582D4576226F3BEA002F14CF /* Products */,
				FC2A2F3335AAF959530177D0 /* Pods */,
				2C0866CBB5025EF0F7F49CF4 /* Frameworks */,
			);
			sourceTree = "<group>";
		};
		582D4576226F3BEA002F14CF /* Products */ = {
			isa = PBXGroup;
			children = (
				582D4575226F3BEA002F14CF /* Lab - Data entry interface.app */,
			);
			name = Products;
			sourceTree = "<group>";
		};
		582D4577226F3BEA002F14CF /* Lab - Data entry interface */ = {
			isa = PBXGroup;
			children = (
				582D4578226F3BEA002F14CF /* AppDelegate.swift */,
				582D4596226F6BA2002F14CF /* Controllers */,
				582D4597226F6BB1002F14CF /* Resources */,
				582D4584226F3BEE002F14CF /* Info.plist */,
				582D4598226F6BC2002F14CF /* Models */,
				582D4599226F6BD0002F14CF /* Extensions */,
			);
			path = "Lab - Data entry interface";
			sourceTree = "<group>";
		};
		582D4596226F6BA2002F14CF /* Controllers */ = {
			isa = PBXGroup;
			children = (
				582D458E226F4418002F14CF /* GuestsTableViewController.swift */,
				582D4590226F442F002F14CF /* AddRegistrationTableViewController.swift */,
				582D459E227081F9002F14CF /* RoomsTableViewController.swift */,
			);
			path = Controllers;
			sourceTree = "<group>";
		};
		582D4597226F6BB1002F14CF /* Resources */ = {
			isa = PBXGroup;
			children = (
				582D457C226F3BEA002F14CF /* Main.storyboard */,
				582D457F226F3BEE002F14CF /* Assets.xcassets */,
				582D4581226F3BEE002F14CF /* LaunchScreen.storyboard */,
			);
			path = Resources;
			sourceTree = "<group>";
		};
		582D4598226F6BC2002F14CF /* Models */ = {
			isa = PBXGroup;
			children = (
				582D458A226F4307002F14CF /* Registration.swift */,
				582D458C226F4332002F14CF /* Person.swift */,
				582D459C227081BB002F14CF /* Room.swift */,
			);
			path = Models;
			sourceTree = "<group>";
		};
		582D4599226F6BD0002F14CF /* Extensions */ = {
			isa = PBXGroup;
			children = (
				582D4592226F547E002F14CF /* UITextField+Extension.swift */,
				582D4594226F5A4E002F14CF /* Helper.swift */,
				582D459A226F70E9002F14CF /* IndexPath+Extension.swift */,
				582D45A0227095D5002F14CF /* Array+Extension.swift */,
				582D45A42270BE56002F14CF /* Date+Extension.swift */,
			);
			path = Extensions;
			sourceTree = "<group>";
		};
		FC2A2F3335AAF959530177D0 /* Pods */ = {
			isa = PBXGroup;
			children = (
				95ECDC32C8438158577ABE06 /* Pods-Lab - Data entry interface.debug.xcconfig */,
				BD4FC0E1B071FFAAF45F87BD /* Pods-Lab - Data entry interface.release.xcconfig */,
			);
			path = Pods;
			sourceTree = "<group>";
		};
/* End PBXGroup section */

/* Begin PBXNativeTarget section */
		582D4574226F3BEA002F14CF /* Lab - Data entry interface */ = {
			isa = PBXNativeTarget;
			buildConfigurationList = 582D4587226F3BEE002F14CF /* Build configuration list for PBXNativeTarget "Lab - Data entry interface" */;
			buildPhases = (
				4B3D57C7C933DAFFC9E74FC8 /* [CP] Check Pods Manifest.lock */,
				582D4571226F3BEA002F14CF /* Sources */,
				582D4572226F3BEA002F14CF /* Frameworks */,
				582D4573226F3BEA002F14CF /* Resources */,
			);
			buildRules = (
			);
			dependencies = (
			);
			name = "Lab - Data entry interface";
			productName = "Lab - Data entry interface";
			productReference = 582D4575226F3BEA002F14CF /* Lab - Data entry interface.app */;
			productType = "com.apple.product-type.application";
		};
/* End PBXNativeTarget section */

/* Begin PBXProject section */
		582D456D226F3BEA002F14CF /* Project object */ = {
			isa = PBXProject;
			attributes = {
				LastSwiftUpdateCheck = 1020;
				LastUpgradeCheck = 1020;
				ORGANIZATIONNAME = "Arkadiy Grigoryanc";
				TargetAttributes = {
					582D4574226F3BEA002F14CF = {
						CreatedOnToolsVersion = 10.2.1;
					};
				};
			};
			buildConfigurationList = 582D4570226F3BEA002F14CF /* Build configuration list for PBXProject "Lab - Data entry interface" */;
			compatibilityVersion = "Xcode 9.3";
			developmentRegion = en;
			hasScannedForEncodings = 0;
			knownRegions = (
				en,
				Base,
			);
			mainGroup = 582D456C226F3BEA002F14CF;
			productRefGroup = 582D4576226F3BEA002F14CF /* Products */;
			projectDirPath = "";
			projectRoot = "";
			targets = (
				582D4574226F3BEA002F14CF /* Lab - Data entry interface */,
			);
		};
/* End PBXProject section */

/* Begin PBXResourcesBuildPhase section */
		582D4573226F3BEA002F14CF /* Resources */ = {
			isa = PBXResourcesBuildPhase;
			buildActionMask = 2147483647;
			files = (
				582D4583226F3BEE002F14CF /* LaunchScreen.storyboard in Resources */,
				582D4580226F3BEE002F14CF /* Assets.xcassets in Resources */,
				582D457E226F3BEA002F14CF /* Main.storyboard in Resources */,
			);
			runOnlyForDeploymentPostprocessing = 0;
		};
/* End PBXResourcesBuildPhase section */

/* Begin PBXShellScriptBuildPhase section */
		4B3D57C7C933DAFFC9E74FC8 /* [CP] Check Pods Manifest.lock */ = {
			isa = PBXShellScriptBuildPhase;
			buildActionMask = 2147483647;
			files = (
			);
			inputFileListPaths = (
			);
			inputPaths = (
				"${PODS_PODFILE_DIR_PATH}/Podfile.lock",
				"${PODS_ROOT}/Manifest.lock",
			);
			name = "[CP] Check Pods Manifest.lock";
			outputFileListPaths = (
			);
			outputPaths = (
				"$(DERIVED_FILE_DIR)/Pods-Lab - Data entry interface-checkManifestLockResult.txt",
			);
			runOnlyForDeploymentPostprocessing = 0;
			shellPath = /bin/sh;
			shellScript = "diff \"${PODS_PODFILE_DIR_PATH}/Podfile.lock\" \"${PODS_ROOT}/Manifest.lock\" > /dev/null\nif [ $? != 0 ] ; then\n    # print error to STDERR\n    echo \"error: The sandbox is not in sync with the Podfile.lock. Run 'pod install' or update your CocoaPods installation.\" >&2\n    exit 1\nfi\n# This output is used by Xcode 'outputs' to avoid re-running this script phase.\necho \"SUCCESS\" > \"${SCRIPT_OUTPUT_FILE_0}\"\n";
			showEnvVarsInLog = 0;
		};
/* End PBXShellScriptBuildPhase section */

/* Begin PBXSourcesBuildPhase section */
		582D4571226F3BEA002F14CF /* Sources */ = {
			isa = PBXSourcesBuildPhase;
			buildActionMask = 2147483647;
			files = (
				582D459F227081F9002F14CF /* RoomsTableViewController.swift in Sources */,
				582D458F226F4418002F14CF /* GuestsTableViewController.swift in Sources */,
				582D459B226F70E9002F14CF /* IndexPath+Extension.swift in Sources */,
				582D45A1227095D5002F14CF /* Array+Extension.swift in Sources */,
				582D4595226F5A4E002F14CF /* Helper.swift in Sources */,
				582D45A52270BE56002F14CF /* Date+Extension.swift in Sources */,
				582D4591226F442F002F14CF /* AddRegistrationTableViewController.swift in Sources */,
				582D458B226F4307002F14CF /* Registration.swift in Sources */,
				582D459D227081BB002F14CF /* Room.swift in Sources */,
				582D4593226F547E002F14CF /* UITextField+Extension.swift in Sources */,
				582D458D226F4332002F14CF /* Person.swift in Sources */,
				582D4579226F3BEA002F14CF /* AppDelegate.swift in Sources */,
			);
			runOnlyForDeploymentPostprocessing = 0;
		};
/* End PBXSourcesBuildPhase section */

/* Begin PBXVariantGroup section */
		582D457C226F3BEA002F14CF /* Main.storyboard */ = {
			isa = PBXVariantGroup;
			children = (
				582D457D226F3BEA002F14CF /* Base */,
			);
			name = Main.storyboard;
			sourceTree = "<group>";
		};
		582D4581226F3BEE002F14CF /* LaunchScreen.storyboard */ = {
			isa = PBXVariantGroup;
			children = (
				582D4582226F3BEE002F14CF /* Base */,
			);
			name = LaunchScreen.storyboard;
			sourceTree = "<group>";
		};
/* End PBXVariantGroup section */

/* Begin XCBuildConfiguration section */
		582D4585226F3BEE002F14CF /* Debug */ = {
			isa = XCBuildConfiguration;
			buildSettings = {
				ALWAYS_SEARCH_USER_PATHS = NO;
				CLANG_ANALYZER_NONNULL = YES;
				CLANG_ANALYZER_NUMBER_OBJECT_CONVERSION = YES_AGGRESSIVE;
				CLANG_CXX_LANGUAGE_STANDARD = "gnu++14";
				CLANG_CXX_LIBRARY = "libc++";
				CLANG_ENABLE_MODULES = YES;
				CLANG_ENABLE_OBJC_ARC = YES;
				CLANG_ENABLE_OBJC_WEAK = YES;
				CLANG_WARN_BLOCK_CAPTURE_AUTORELEASING = YES;
				CLANG_WARN_BOOL_CONVERSION = YES;
				CLANG_WARN_COMMA = YES;
				CLANG_WARN_CONSTANT_CONVERSION = YES;
				CLANG_WARN_DEPRECATED_OBJC_IMPLEMENTATIONS = YES;
				CLANG_WARN_DIRECT_OBJC_ISA_USAGE = YES_ERROR;
				CLANG_WARN_DOCUMENTATION_COMMENTS = YES;
				CLANG_WARN_EMPTY_BODY = YES;
				CLANG_WARN_ENUM_CONVERSION = YES;
				CLANG_WARN_INFINITE_RECURSION = YES;
				CLANG_WARN_INT_CONVERSION = YES;
				CLANG_WARN_NON_LITERAL_NULL_CONVERSION = YES;
				CLANG_WARN_OBJC_IMPLICIT_RETAIN_SELF = YES;
				CLANG_WARN_OBJC_LITERAL_CONVERSION = YES;
				CLANG_WARN_OBJC_ROOT_CLASS = YES_ERROR;
				CLANG_WARN_RANGE_LOOP_ANALYSIS = YES;
				CLANG_WARN_STRICT_PROTOTYPES = YES;
				CLANG_WARN_SUSPICIOUS_MOVE = YES;
				CLANG_WARN_UNGUARDED_AVAILABILITY = YES_AGGRESSIVE;
				CLANG_WARN_UNREACHABLE_CODE = YES;
				CLANG_WARN__DUPLICATE_METHOD_MATCH = YES;
				CODE_SIGN_IDENTITY = "iPhone Developer";
				COPY_PHASE_STRIP = NO;
				DEBUG_INFORMATION_FORMAT = dwarf;
				ENABLE_STRICT_OBJC_MSGSEND = YES;
				ENABLE_TESTABILITY = YES;
				GCC_C_LANGUAGE_STANDARD = gnu11;
				GCC_DYNAMIC_NO_PIC = NO;
				GCC_NO_COMMON_BLOCKS = YES;
				GCC_OPTIMIZATION_LEVEL = 0;
				GCC_PREPROCESSOR_DEFINITIONS = (
					"DEBUG=1",
					"$(inherited)",
				);
				GCC_WARN_64_TO_32_BIT_CONVERSION = YES;
				GCC_WARN_ABOUT_RETURN_TYPE = YES_ERROR;
				GCC_WARN_UNDECLARED_SELECTOR = YES;
				GCC_WARN_UNINITIALIZED_AUTOS = YES_AGGRESSIVE;
				GCC_WARN_UNUSED_FUNCTION = YES;
				GCC_WARN_UNUSED_VARIABLE = YES;
				IPHONEOS_DEPLOYMENT_TARGET = 12.2;
				MTL_ENABLE_DEBUG_INFO = INCLUDE_SOURCE;
				MTL_FAST_MATH = YES;
				ONLY_ACTIVE_ARCH = YES;
				SDKROOT = iphoneos;
				SWIFT_ACTIVE_COMPILATION_CONDITIONS = DEBUG;
				SWIFT_OPTIMIZATION_LEVEL = "-Onone";
			};
			name = Debug;
		};
		582D4586226F3BEE002F14CF /* Release */ = {
			isa = XCBuildConfiguration;
			buildSettings = {
				ALWAYS_SEARCH_USER_PATHS = NO;
				CLANG_ANALYZER_NONNULL = YES;
				CLANG_ANALYZER_NUMBER_OBJECT_CONVERSION = YES_AGGRESSIVE;
				CLANG_CXX_LANGUAGE_STANDARD = "gnu++14";
				CLANG_CXX_LIBRARY = "libc++";
				CLANG_ENABLE_MODULES = YES;
				CLANG_ENABLE_OBJC_ARC = YES;
				CLANG_ENABLE_OBJC_WEAK = YES;
				CLANG_WARN_BLOCK_CAPTURE_AUTORELEASING = YES;
				CLANG_WARN_BOOL_CONVERSION = YES;
				CLANG_WARN_COMMA = YES;
				CLANG_WARN_CONSTANT_CONVERSION = YES;
				CLANG_WARN_DEPRECATED_OBJC_IMPLEMENTATIONS = YES;
				CLANG_WARN_DIRECT_OBJC_ISA_USAGE = YES_ERROR;
				CLANG_WARN_DOCUMENTATION_COMMENTS = YES;
				CLANG_WARN_EMPTY_BODY = YES;
				CLANG_WARN_ENUM_CONVERSION = YES;
				CLANG_WARN_INFINITE_RECURSION = YES;
				CLANG_WARN_INT_CONVERSION = YES;
				CLANG_WARN_NON_LITERAL_NULL_CONVERSION = YES;
				CLANG_WARN_OBJC_IMPLICIT_RETAIN_SELF = YES;
				CLANG_WARN_OBJC_LITERAL_CONVERSION = YES;
				CLANG_WARN_OBJC_ROOT_CLASS = YES_ERROR;
				CLANG_WARN_RANGE_LOOP_ANALYSIS = YES;
				CLANG_WARN_STRICT_PROTOTYPES = YES;
				CLANG_WARN_SUSPICIOUS_MOVE = YES;
				CLANG_WARN_UNGUARDED_AVAILABILITY = YES_AGGRESSIVE;
				CLANG_WARN_UNREACHABLE_CODE = YES;
				CLANG_WARN__DUPLICATE_METHOD_MATCH = YES;
				CODE_SIGN_IDENTITY = "iPhone Developer";
				COPY_PHASE_STRIP = NO;
				DEBUG_INFORMATION_FORMAT = "dwarf-with-dsym";
				ENABLE_NS_ASSERTIONS = NO;
				ENABLE_STRICT_OBJC_MSGSEND = YES;
				GCC_C_LANGUAGE_STANDARD = gnu11;
				GCC_NO_COMMON_BLOCKS = YES;
				GCC_WARN_64_TO_32_BIT_CONVERSION = YES;
				GCC_WARN_ABOUT_RETURN_TYPE = YES_ERROR;
				GCC_WARN_UNDECLARED_SELECTOR = YES;
				GCC_WARN_UNINITIALIZED_AUTOS = YES_AGGRESSIVE;
				GCC_WARN_UNUSED_FUNCTION = YES;
				GCC_WARN_UNUSED_VARIABLE = YES;
				IPHONEOS_DEPLOYMENT_TARGET = 12.2;
				MTL_ENABLE_DEBUG_INFO = NO;
				MTL_FAST_MATH = YES;
				SDKROOT = iphoneos;
				SWIFT_COMPILATION_MODE = wholemodule;
				SWIFT_OPTIMIZATION_LEVEL = "-O";
				VALIDATE_PRODUCT = YES;
			};
			name = Release;
		};
		582D4588226F3BEE002F14CF /* Debug */ = {
			isa = XCBuildConfiguration;
			baseConfigurationReference = 95ECDC32C8438158577ABE06 /* Pods-Lab - Data entry interface.debug.xcconfig */;
			buildSettings = {
				ASSETCATALOG_COMPILER_APPICON_NAME = AppIcon;
				CODE_SIGN_STYLE = Automatic;
				DEVELOPMENT_TEAM = 4W5UZS2FYQ;
				INFOPLIST_FILE = "Lab - Data entry interface/Info.plist";
				LD_RUNPATH_SEARCH_PATHS = (
					"$(inherited)",
					"@executable_path/Frameworks",
				);
				PRODUCT_BUNDLE_IDENTIFIER = "com.arkadiyGrigoryanc.Lab---Data-entry-interface";
				PRODUCT_NAME = "$(TARGET_NAME)";
				SWIFT_VERSION = 5.0;
				TARGETED_DEVICE_FAMILY = "1,2";
			};
			name = Debug;
		};
		582D4589226F3BEE002F14CF /* Release */ = {
			isa = XCBuildConfiguration;
			baseConfigurationReference = BD4FC0E1B071FFAAF45F87BD /* Pods-Lab - Data entry interface.release.xcconfig */;
			buildSettings = {
				ASSETCATALOG_COMPILER_APPICON_NAME = AppIcon;
				CODE_SIGN_STYLE = Automatic;
				DEVELOPMENT_TEAM = 4W5UZS2FYQ;
				INFOPLIST_FILE = "Lab - Data entry interface/Info.plist";
				LD_RUNPATH_SEARCH_PATHS = (
					"$(inherited)",
					"@executable_path/Frameworks",
				);
				PRODUCT_BUNDLE_IDENTIFIER = "com.arkadiyGrigoryanc.Lab---Data-entry-interface";
				PRODUCT_NAME = "$(TARGET_NAME)";
				SWIFT_VERSION = 5.0;
				TARGETED_DEVICE_FAMILY = "1,2";
			};
			name = Release;
		};
/* End XCBuildConfiguration section */

/* Begin XCConfigurationList section */
		582D4570226F3BEA002F14CF /* Build configuration list for PBXProject "Lab - Data entry interface" */ = {
			isa = XCConfigurationList;
			buildConfigurations = (
				582D4585226F3BEE002F14CF /* Debug */,
				582D4586226F3BEE002F14CF /* Release */,
			);
			defaultConfigurationIsVisible = 0;
			defaultConfigurationName = Release;
		};
		582D4587226F3BEE002F14CF /* Build configuration list for PBXNativeTarget "Lab - Data entry interface" */ = {
			isa = XCConfigurationList;
			buildConfigurations = (
				582D4588226F3BEE002F14CF /* Debug */,
				582D4589226F3BEE002F14CF /* Release */,
			);
			defaultConfigurationIsVisible = 0;
			defaultConfigurationName = Release;
		};
/* End XCConfigurationList section */
	};
	rootObject = 582D456D226F3BEA002F14CF /* Project object */;
}
